// !$*UTF8*$!
{
	archiveVersion = 1;
	classes = {
	};
	objectVersion = 52;
	objects = {

/* Begin PBXBuildFile section */
		620DBDF226639AFA00C64C1F /* R.generated.swift in Sources */ = {isa = PBXBuildFile; fileRef = 620DBDF126639AFA00C64C1F /* R.generated.swift */; };
		620DBDF52663A11700C64C1F /* Rswift in Frameworks */ = {isa = PBXBuildFile; productRef = 620DBDF42663A11700C64C1F /* Rswift */; };
		624EF69E26ECF12800928D18 /* BasicLabelViewController.swift in Sources */ = {isa = PBXBuildFile; fileRef = 624EF69C26ECF12800928D18 /* BasicLabelViewController.swift */; };
		624EF69F26ECF12800928D18 /* BasicLabelViewController.xib in Resources */ = {isa = PBXBuildFile; fileRef = 624EF69D26ECF12800928D18 /* BasicLabelViewController.xib */; };
		62D7FFBC265A9E9D0008F085 /* AppDelegate.swift in Sources */ = {isa = PBXBuildFile; fileRef = 62D7FFBB265A9E9D0008F085 /* AppDelegate.swift */; };
		62D7FFBE265A9E9D0008F085 /* SceneDelegate.swift in Sources */ = {isa = PBXBuildFile; fileRef = 62D7FFBD265A9E9D0008F085 /* SceneDelegate.swift */; };
		62D7FFC5265A9E9E0008F085 /* Assets.xcassets in Resources */ = {isa = PBXBuildFile; fileRef = 62D7FFC4265A9E9E0008F085 /* Assets.xcassets */; };
		62D7FFC8265A9E9E0008F085 /* LaunchScreen.storyboard in Resources */ = {isa = PBXBuildFile; fileRef = 62D7FFC6265A9E9E0008F085 /* LaunchScreen.storyboard */; };
		62D7FFD6265AA0250008F085 /* CreateProjectSampleViewController.swift in Sources */ = {isa = PBXBuildFile; fileRef = 62D7FFD4265AA0250008F085 /* CreateProjectSampleViewController.swift */; };
		62D7FFD7265AA0250008F085 /* CreateProjectSampleViewController.xib in Resources */ = {isa = PBXBuildFile; fileRef = 62D7FFD5265AA0250008F085 /* CreateProjectSampleViewController.xib */; };
/* End PBXBuildFile section */

/* Begin PBXFileReference section */
		620DBDF126639AFA00C64C1F /* R.generated.swift */ = {isa = PBXFileReference; fileEncoding = 4; lastKnownFileType = sourcecode.swift; path = R.generated.swift; sourceTree = "<group>"; };
		624EF69C26ECF12800928D18 /* BasicLabelViewController.swift */ = {isa = PBXFileReference; lastKnownFileType = sourcecode.swift; path = BasicLabelViewController.swift; sourceTree = "<group>"; };
		624EF69D26ECF12800928D18 /* BasicLabelViewController.xib */ = {isa = PBXFileReference; lastKnownFileType = file.xib; path = BasicLabelViewController.xib; sourceTree = "<group>"; };
		62D7FFB8265A9E9D0008F085 /* SwiftRecipesSample.app */ = {isa = PBXFileReference; explicitFileType = wrapper.application; includeInIndex = 0; path = SwiftRecipesSample.app; sourceTree = BUILT_PRODUCTS_DIR; };
		62D7FFBB265A9E9D0008F085 /* AppDelegate.swift */ = {isa = PBXFileReference; lastKnownFileType = sourcecode.swift; path = AppDelegate.swift; sourceTree = "<group>"; };
		62D7FFBD265A9E9D0008F085 /* SceneDelegate.swift */ = {isa = PBXFileReference; lastKnownFileType = sourcecode.swift; path = SceneDelegate.swift; sourceTree = "<group>"; };
		62D7FFC4265A9E9E0008F085 /* Assets.xcassets */ = {isa = PBXFileReference; lastKnownFileType = folder.assetcatalog; path = Assets.xcassets; sourceTree = "<group>"; };
		62D7FFC7265A9E9E0008F085 /* Base */ = {isa = PBXFileReference; lastKnownFileType = file.storyboard; name = Base; path = Base.lproj/LaunchScreen.storyboard; sourceTree = "<group>"; };
		62D7FFC9265A9E9E0008F085 /* Info.plist */ = {isa = PBXFileReference; lastKnownFileType = text.plist.xml; path = Info.plist; sourceTree = "<group>"; };
		62D7FFD4265AA0250008F085 /* CreateProjectSampleViewController.swift */ = {isa = PBXFileReference; lastKnownFileType = sourcecode.swift; path = CreateProjectSampleViewController.swift; sourceTree = "<group>"; };
		62D7FFD5265AA0250008F085 /* CreateProjectSampleViewController.xib */ = {isa = PBXFileReference; lastKnownFileType = file.xib; path = CreateProjectSampleViewController.xib; sourceTree = "<group>"; };
/* End PBXFileReference section */

/* Begin PBXFrameworksBuildPhase section */
		62D7FFB5265A9E9D0008F085 /* Frameworks */ = {
			isa = PBXFrameworksBuildPhase;
			buildActionMask = 2147483647;
			files = (
				620DBDF52663A11700C64C1F /* Rswift in Frameworks */,
			);
			runOnlyForDeploymentPostprocessing = 0;
		};
/* End PBXFrameworksBuildPhase section */

/* Begin PBXGroup section */
		624EF69B26ECF10600928D18 /* BasicLabelSample */ = {
			isa = PBXGroup;
			children = (
				624EF69C26ECF12800928D18 /* BasicLabelViewController.swift */,
				624EF69D26ECF12800928D18 /* BasicLabelViewController.xib */,
			);
			path = BasicLabelSample;
			sourceTree = "<group>";
		};
		62D7FFAF265A9E9D0008F085 = {
			isa = PBXGroup;
			children = (
				62D7FFBA265A9E9D0008F085 /* SwiftRecipesSample */,
				62D7FFB9265A9E9D0008F085 /* Products */,
			);
			sourceTree = "<group>";
		};
		62D7FFB9265A9E9D0008F085 /* Products */ = {
			isa = PBXGroup;
			children = (
				62D7FFB8265A9E9D0008F085 /* SwiftRecipesSample.app */,
			);
			name = Products;
			sourceTree = "<group>";
		};
		62D7FFBA265A9E9D0008F085 /* SwiftRecipesSample */ = {
			isa = PBXGroup;
			children = (
				62D7FFCF265A9FB00008F085 /* Resources */,
				62D7FFD0265A9FB50008F085 /* Scripts */,
				62D7FFD1265A9FBA0008F085 /* Storyboards */,
			);
			path = SwiftRecipesSample;
			sourceTree = "<group>";
		};
		62D7FFCF265A9FB00008F085 /* Resources */ = {
			isa = PBXGroup;
			children = (
				62D7FFC9265A9E9E0008F085 /* Info.plist */,
				62D7FFC4265A9E9E0008F085 /* Assets.xcassets */,
			);
			path = Resources;
			sourceTree = "<group>";
		};
		62D7FFD0265A9FB50008F085 /* Scripts */ = {
			isa = PBXGroup;
			children = (
				62D7FFBD265A9E9D0008F085 /* SceneDelegate.swift */,
				62D7FFBB265A9E9D0008F085 /* AppDelegate.swift */,
				620DBDF126639AFA00C64C1F /* R.generated.swift */,
				62D7FFD2265AA0040008F085 /* Views */,
			);
			path = Scripts;
			sourceTree = "<group>";
		};
		62D7FFD1265A9FBA0008F085 /* Storyboards */ = {
			isa = PBXGroup;
			children = (
				62D7FFC6265A9E9E0008F085 /* LaunchScreen.storyboard */,
			);
			path = Storyboards;
			sourceTree = "<group>";
		};
		62D7FFD2265AA0040008F085 /* Views */ = {
			isa = PBXGroup;
			children = (
				624EF69B26ECF10600928D18 /* BasicLabelSample */,
				62D7FFD3265AA00A0008F085 /* CreateProjectSample */,
			);
			path = Views;
			sourceTree = "<group>";
		};
		62D7FFD3265AA00A0008F085 /* CreateProjectSample */ = {
			isa = PBXGroup;
			children = (
				62D7FFD4265AA0250008F085 /* CreateProjectSampleViewController.swift */,
				62D7FFD5265AA0250008F085 /* CreateProjectSampleViewController.xib */,
			);
			path = CreateProjectSample;
			sourceTree = "<group>";
		};
/* End PBXGroup section */

/* Begin PBXNativeTarget section */
		62D7FFB7265A9E9D0008F085 /* SwiftRecipesSample */ = {
			isa = PBXNativeTarget;
			buildConfigurationList = 62D7FFCC265A9E9E0008F085 /* Build configuration list for PBXNativeTarget "SwiftRecipesSample" */;
			buildPhases = (
				620DBDF02663980C00C64C1F /* R.swift */,
				62D7FFB4265A9E9D0008F085 /* Sources */,
				62D7FFB5265A9E9D0008F085 /* Frameworks */,
				62D7FFB6265A9E9D0008F085 /* Resources */,
				6251193D26ECBBA900479A85 /* SwiftLint */,
			);
			buildRules = (
			);
			dependencies = (
			);
			name = SwiftRecipesSample;
			packageProductDependencies = (
				620DBDF42663A11700C64C1F /* Rswift */,
			);
			productName = SwiftRecipesSample;
			productReference = 62D7FFB8265A9E9D0008F085 /* SwiftRecipesSample.app */;
			productType = "com.apple.product-type.application";
		};
/* End PBXNativeTarget section */

/* Begin PBXProject section */
		62D7FFB0265A9E9D0008F085 /* Project object */ = {
			isa = PBXProject;
			attributes = {
				LastSwiftUpdateCheck = 1250;
				LastUpgradeCheck = 1250;
				TargetAttributes = {
					62D7FFB7265A9E9D0008F085 = {
						CreatedOnToolsVersion = 12.5;
					};
				};
			};
			buildConfigurationList = 62D7FFB3265A9E9D0008F085 /* Build configuration list for PBXProject "SwiftRecipesSample" */;
			compatibilityVersion = "Xcode 9.3";
			developmentRegion = en;
			hasScannedForEncodings = 0;
			knownRegions = (
				en,
				Base,
			);
			mainGroup = 62D7FFAF265A9E9D0008F085;
			packageReferences = (
				620DBDF32663A11700C64C1F /* XCRemoteSwiftPackageReference "R.swift" */,
			);
			productRefGroup = 62D7FFB9265A9E9D0008F085 /* Products */;
			projectDirPath = "";
			projectRoot = "";
			targets = (
				62D7FFB7265A9E9D0008F085 /* SwiftRecipesSample */,
			);
		};
/* End PBXProject section */

/* Begin PBXResourcesBuildPhase section */
		62D7FFB6265A9E9D0008F085 /* Resources */ = {
			isa = PBXResourcesBuildPhase;
			buildActionMask = 2147483647;
			files = (
				62D7FFC8265A9E9E0008F085 /* LaunchScreen.storyboard in Resources */,
				62D7FFC5265A9E9E0008F085 /* Assets.xcassets in Resources */,
				624EF69F26ECF12800928D18 /* BasicLabelViewController.xib in Resources */,
				62D7FFD7265AA0250008F085 /* CreateProjectSampleViewController.xib in Resources */,
			);
			runOnlyForDeploymentPostprocessing = 0;
		};
/* End PBXResourcesBuildPhase section */

/* Begin PBXShellScriptBuildPhase section */
		620DBDF02663980C00C64C1F /* R.swift */ = {
			isa = PBXShellScriptBuildPhase;
			buildActionMask = 2147483647;
			files = (
			);
			inputFileListPaths = (
			);
			inputPaths = (
				"$TEMP_DIR/rswift-lastrun",
			);
			name = R.swift;
			outputFileListPaths = (
			);
			outputPaths = (
				$SRCROOT/SwiftRecipesSample/Scripts/R.generated.swift,
			);
			runOnlyForDeploymentPostprocessing = 0;
			shellPath = /bin/sh;
			shellScript = "if mint list | grep -q 'R.swift'; then\nmint run R.swift rswift generate \"$SRCROOT/SwiftRecipesSample/Scripts/R.generated.swift\"\nelse\necho \"error: R.swift not installed; run 'mint bootstrap' to install\"\nreturn -1\nfi\n";
		};
		6251193D26ECBBA900479A85 /* SwiftLint */ = {
			isa = PBXShellScriptBuildPhase;
			buildActionMask = 2147483647;
			files = (
			);
			inputFileListPaths = (
			);
			inputPaths = (
			);
			name = SwiftLint;
			outputFileListPaths = (
			);
			outputPaths = (
			);
			runOnlyForDeploymentPostprocessing = 0;
			shellPath = /bin/sh;
			shellScript = "if which mint >/dev/null; then\n  mint run swiftlint swiftlint autocorrect --format\n  mint run swiftlint swiftlint\nelse\n  echo \"warning: Mint not installed, download from https://github.com/yonaskolb/Mint\"\nfi\n";
		};
/* End PBXShellScriptBuildPhase section */

/* Begin PBXSourcesBuildPhase section */
		62D7FFB4265A9E9D0008F085 /* Sources */ = {
			isa = PBXSourcesBuildPhase;
			buildActionMask = 2147483647;
			files = (
				62D7FFBC265A9E9D0008F085 /* AppDelegate.swift in Sources */,
				62D7FFD6265AA0250008F085 /* CreateProjectSampleViewController.swift in Sources */,
				624EF69E26ECF12800928D18 /* BasicLabelViewController.swift in Sources */,
				62D7FFBE265A9E9D0008F085 /* SceneDelegate.swift in Sources */,
				620DBDF226639AFA00C64C1F /* R.generated.swift in Sources */,
			);
			runOnlyForDeploymentPostprocessing = 0;
		};
/* End PBXSourcesBuildPhase section */

/* Begin PBXVariantGroup section */
		62D7FFC6265A9E9E0008F085 /* LaunchScreen.storyboard */ = {
			isa = PBXVariantGroup;
			children = (
				62D7FFC7265A9E9E0008F085 /* Base */,
			);
			name = LaunchScreen.storyboard;
			sourceTree = "<group>";
		};
/* End PBXVariantGroup section */

/* Begin XCBuildConfiguration section */
		62D7FFCA265A9E9E0008F085 /* Debug */ = {
			isa = XCBuildConfiguration;
			buildSettings = {
				ALWAYS_SEARCH_USER_PATHS = NO;
				CLANG_ANALYZER_NONNULL = YES;
				CLANG_ANALYZER_NUMBER_OBJECT_CONVERSION = YES_AGGRESSIVE;
				CLANG_CXX_LANGUAGE_STANDARD = "gnu++14";
				CLANG_CXX_LIBRARY = "libc++";
				CLANG_ENABLE_MODULES = YES;
				CLANG_ENABLE_OBJC_ARC = YES;
				CLANG_ENABLE_OBJC_WEAK = YES;
				CLANG_WARN_BLOCK_CAPTURE_AUTORELEASING = YES;
				CLANG_WARN_BOOL_CONVERSION = YES;
				CLANG_WARN_COMMA = YES;
				CLANG_WARN_CONSTANT_CONVERSION = YES;
				CLANG_WARN_DEPRECATED_OBJC_IMPLEMENTATIONS = YES;
				CLANG_WARN_DIRECT_OBJC_ISA_USAGE = YES_ERROR;
				CLANG_WARN_DOCUMENTATION_COMMENTS = YES;
				CLANG_WARN_EMPTY_BODY = YES;
				CLANG_WARN_ENUM_CONVERSION = YES;
				CLANG_WARN_INFINITE_RECURSION = YES;
				CLANG_WARN_INT_CONVERSION = YES;
				CLANG_WARN_NON_LITERAL_NULL_CONVERSION = YES;
				CLANG_WARN_OBJC_IMPLICIT_RETAIN_SELF = YES;
				CLANG_WARN_OBJC_LITERAL_CONVERSION = YES;
				CLANG_WARN_OBJC_ROOT_CLASS = YES_ERROR;
				CLANG_WARN_QUOTED_INCLUDE_IN_FRAMEWORK_HEADER = YES;
				CLANG_WARN_RANGE_LOOP_ANALYSIS = YES;
				CLANG_WARN_STRICT_PROTOTYPES = YES;
				CLANG_WARN_SUSPICIOUS_MOVE = YES;
				CLANG_WARN_UNGUARDED_AVAILABILITY = YES_AGGRESSIVE;
				CLANG_WARN_UNREACHABLE_CODE = YES;
				CLANG_WARN__DUPLICATE_METHOD_MATCH = YES;
				COPY_PHASE_STRIP = NO;
				DEBUG_INFORMATION_FORMAT = dwarf;
				ENABLE_STRICT_OBJC_MSGSEND = YES;
				ENABLE_TESTABILITY = YES;
				GCC_C_LANGUAGE_STANDARD = gnu11;
				GCC_DYNAMIC_NO_PIC = NO;
				GCC_NO_COMMON_BLOCKS = YES;
				GCC_OPTIMIZATION_LEVEL = 0;
				GCC_PREPROCESSOR_DEFINITIONS = (
					"DEBUG=1",
					"$(inherited)",
				);
				GCC_WARN_64_TO_32_BIT_CONVERSION = YES;
				GCC_WARN_ABOUT_RETURN_TYPE = YES_ERROR;
				GCC_WARN_UNDECLARED_SELECTOR = YES;
				GCC_WARN_UNINITIALIZED_AUTOS = YES_AGGRESSIVE;
				GCC_WARN_UNUSED_FUNCTION = YES;
				GCC_WARN_UNUSED_VARIABLE = YES;
				IPHONEOS_DEPLOYMENT_TARGET = 14.5;
				MTL_ENABLE_DEBUG_INFO = INCLUDE_SOURCE;
				MTL_FAST_MATH = YES;
				ONLY_ACTIVE_ARCH = YES;
				SDKROOT = iphoneos;
				SWIFT_ACTIVE_COMPILATION_CONDITIONS = DEBUG;
				SWIFT_OPTIMIZATION_LEVEL = "-Onone";
			};
			name = Debug;
		};
		62D7FFCB265A9E9E0008F085 /* Release */ = {
			isa = XCBuildConfiguration;
			buildSettings = {
				ALWAYS_SEARCH_USER_PATHS = NO;
				CLANG_ANALYZER_NONNULL = YES;
				CLANG_ANALYZER_NUMBER_OBJECT_CONVERSION = YES_AGGRESSIVE;
				CLANG_CXX_LANGUAGE_STANDARD = "gnu++14";
				CLANG_CXX_LIBRARY = "libc++";
				CLANG_ENABLE_MODULES = YES;
				CLANG_ENABLE_OBJC_ARC = YES;
				CLANG_ENABLE_OBJC_WEAK = YES;
				CLANG_WARN_BLOCK_CAPTURE_AUTORELEASING = YES;
				CLANG_WARN_BOOL_CONVERSION = YES;
				CLANG_WARN_COMMA = YES;
				CLANG_WARN_CONSTANT_CONVERSION = YES;
				CLANG_WARN_DEPRECATED_OBJC_IMPLEMENTATIONS = YES;
				CLANG_WARN_DIRECT_OBJC_ISA_USAGE = YES_ERROR;
				CLANG_WARN_DOCUMENTATION_COMMENTS = YES;
				CLANG_WARN_EMPTY_BODY = YES;
				CLANG_WARN_ENUM_CONVERSION = YES;
				CLANG_WARN_INFINITE_RECURSION = YES;
				CLANG_WARN_INT_CONVERSION = YES;
				CLANG_WARN_NON_LITERAL_NULL_CONVERSION = YES;
				CLANG_WARN_OBJC_IMPLICIT_RETAIN_SELF = YES;
				CLANG_WARN_OBJC_LITERAL_CONVERSION = YES;
				CLANG_WARN_OBJC_ROOT_CLASS = YES_ERROR;
				CLANG_WARN_QUOTED_INCLUDE_IN_FRAMEWORK_HEADER = YES;
				CLANG_WARN_RANGE_LOOP_ANALYSIS = YES;
				CLANG_WARN_STRICT_PROTOTYPES = YES;
				CLANG_WARN_SUSPICIOUS_MOVE = YES;
				CLANG_WARN_UNGUARDED_AVAILABILITY = YES_AGGRESSIVE;
				CLANG_WARN_UNREACHABLE_CODE = YES;
				CLANG_WARN__DUPLICATE_METHOD_MATCH = YES;
				COPY_PHASE_STRIP = NO;
				DEBUG_INFORMATION_FORMAT = "dwarf-with-dsym";
				ENABLE_NS_ASSERTIONS = NO;
				ENABLE_STRICT_OBJC_MSGSEND = YES;
				GCC_C_LANGUAGE_STANDARD = gnu11;
				GCC_NO_COMMON_BLOCKS = YES;
				GCC_WARN_64_TO_32_BIT_CONVERSION = YES;
				GCC_WARN_ABOUT_RETURN_TYPE = YES_ERROR;
				GCC_WARN_UNDECLARED_SELECTOR = YES;
				GCC_WARN_UNINITIALIZED_AUTOS = YES_AGGRESSIVE;
				GCC_WARN_UNUSED_FUNCTION = YES;
				GCC_WARN_UNUSED_VARIABLE = YES;
				IPHONEOS_DEPLOYMENT_TARGET = 14.5;
				MTL_ENABLE_DEBUG_INFO = NO;
				MTL_FAST_MATH = YES;
				SDKROOT = iphoneos;
				SWIFT_COMPILATION_MODE = wholemodule;
				SWIFT_OPTIMIZATION_LEVEL = "-O";
				VALIDATE_PRODUCT = YES;
			};
			name = Release;
		};
		62D7FFCD265A9E9E0008F085 /* Debug */ = {
			isa = XCBuildConfiguration;
			buildSettings = {
				ASSETCATALOG_COMPILER_APPICON_NAME = AppIcon;
				ASSETCATALOG_COMPILER_GLOBAL_ACCENT_COLOR_NAME = AccentColor;
				CODE_SIGN_STYLE = Automatic;
				INFOPLIST_FILE = SwiftRecipesSample/Resources/Info.plist;
				LD_RUNPATH_SEARCH_PATHS = (
					"$(inherited)",
					"@executable_path/Frameworks",
				);
				PRODUCT_BUNDLE_IDENTIFIER = com.doshcook.SwiftRecipesSample;
				PRODUCT_NAME = "$(TARGET_NAME)";
				SWIFT_VERSION = 5.0;
				TARGETED_DEVICE_FAMILY = "1,2";
			};
			name = Debug;
		};
		62D7FFCE265A9E9E0008F085 /* Release */ = {
			isa = XCBuildConfiguration;
			buildSettings = {
				ASSETCATALOG_COMPILER_APPICON_NAME = AppIcon;
				ASSETCATALOG_COMPILER_GLOBAL_ACCENT_COLOR_NAME = AccentColor;
				CODE_SIGN_STYLE = Automatic;
				INFOPLIST_FILE = SwiftRecipesSample/Resources/Info.plist;
				LD_RUNPATH_SEARCH_PATHS = (
					"$(inherited)",
					"@executable_path/Frameworks",
				);
				PRODUCT_BUNDLE_IDENTIFIER = com.doshcook.SwiftRecipesSample;
				PRODUCT_NAME = "$(TARGET_NAME)";
				SWIFT_VERSION = 5.0;
				TARGETED_DEVICE_FAMILY = "1,2";
			};
			name = Release;
		};
/* End XCBuildConfiguration section */

/* Begin XCConfigurationList section */
		62D7FFB3265A9E9D0008F085 /* Build configuration list for PBXProject "SwiftRecipesSample" */ = {
			isa = XCConfigurationList;
			buildConfigurations = (
				62D7FFCA265A9E9E0008F085 /* Debug */,
				62D7FFCB265A9E9E0008F085 /* Release */,
			);
			defaultConfigurationIsVisible = 0;
			defaultConfigurationName = Release;
		};
		62D7FFCC265A9E9E0008F085 /* Build configuration list for PBXNativeTarget "SwiftRecipesSample" */ = {
			isa = XCConfigurationList;
			buildConfigurations = (
				62D7FFCD265A9E9E0008F085 /* Debug */,
				62D7FFCE265A9E9E0008F085 /* Release */,
			);
			defaultConfigurationIsVisible = 0;
			defaultConfigurationName = Release;
		};
/* End XCConfigurationList section */

/* Begin XCRemoteSwiftPackageReference section */
		620DBDF32663A11700C64C1F /* XCRemoteSwiftPackageReference "R.swift" */ = {
			isa = XCRemoteSwiftPackageReference;
			repositoryURL = "https://github.com/mac-cain13/R.swift.Library";
			requirement = {
				kind = upToNextMinorVersion;
				minimumVersion = 5.4.0;
			};
		};
/* End XCRemoteSwiftPackageReference section */

/* Begin XCSwiftPackageProductDependency section */
		620DBDF42663A11700C64C1F /* Rswift */ = {
			isa = XCSwiftPackageProductDependency;
			package = 620DBDF32663A11700C64C1F /* XCRemoteSwiftPackageReference "R.swift" */;
			productName = Rswift;
		};
/* End XCSwiftPackageProductDependency section */
	};
	rootObject = 62D7FFB0265A9E9D0008F085 /* Project object */;
}
